// !$*UTF8*$!
{
	archiveVersion = 1;
	classes = {
	};
	objectVersion = 50;
	objects = {

/* Begin PBXBuildFile section */
		AC693ED6237FD0A400A5AA93 /* AppDelegate.swift in Sources */ = {isa = PBXBuildFile; fileRef = AC693ED5237FD0A400A5AA93 /* AppDelegate.swift */; };
		AC693ED8237FD0A400A5AA93 /* GameScene.sks in Resources */ = {isa = PBXBuildFile; fileRef = AC693ED7237FD0A400A5AA93 /* GameScene.sks */; };
		AC693EDC237FD0A400A5AA93 /* GameScene.swift in Sources */ = {isa = PBXBuildFile; fileRef = AC693EDB237FD0A400A5AA93 /* GameScene.swift */; };
		AC693EDE237FD0A400A5AA93 /* GameViewController.swift in Sources */ = {isa = PBXBuildFile; fileRef = AC693EDD237FD0A400A5AA93 /* GameViewController.swift */; };
		AC693EE1237FD0A400A5AA93 /* Main.storyboard in Resources */ = {isa = PBXBuildFile; fileRef = AC693EDF237FD0A400A5AA93 /* Main.storyboard */; };
		AC693EE3237FD0A500A5AA93 /* Assets.xcassets in Resources */ = {isa = PBXBuildFile; fileRef = AC693EE2237FD0A500A5AA93 /* Assets.xcassets */; };
		AC693EE6237FD0A500A5AA93 /* LaunchScreen.storyboard in Resources */ = {isa = PBXBuildFile; fileRef = AC693EE4237FD0A500A5AA93 /* LaunchScreen.storyboard */; };
		AC693EF1237FD0A500A5AA93 /* snakebelloTests.swift in Sources */ = {isa = PBXBuildFile; fileRef = AC693EF0237FD0A500A5AA93 /* snakebelloTests.swift */; };
		AC693EFC237FD0A500A5AA93 /* snakebelloUITests.swift in Sources */ = {isa = PBXBuildFile; fileRef = AC693EFB237FD0A500A5AA93 /* snakebelloUITests.swift */; };
		AC693F0A237FD0FD00A5AA93 /* GameManager.swift in Sources */ = {isa = PBXBuildFile; fileRef = AC693F09237FD0FD00A5AA93 /* GameManager.swift */; };
/* End PBXBuildFile section */

/* Begin PBXContainerItemProxy section */
		AC693EED237FD0A500A5AA93 /* PBXContainerItemProxy */ = {
			isa = PBXContainerItemProxy;
			containerPortal = AC693ECA237FD0A400A5AA93 /* Project object */;
			proxyType = 1;
			remoteGlobalIDString = AC693ED1237FD0A400A5AA93;
			remoteInfo = snakebello;
		};
		AC693EF8237FD0A500A5AA93 /* PBXContainerItemProxy */ = {
			isa = PBXContainerItemProxy;
			containerPortal = AC693ECA237FD0A400A5AA93 /* Project object */;
			proxyType = 1;
			remoteGlobalIDString = AC693ED1237FD0A400A5AA93;
			remoteInfo = snakebello;
		};
/* End PBXContainerItemProxy section */

/* Begin PBXFileReference section */
		AC693ED2237FD0A400A5AA93 /* snakebello.app */ = {isa = PBXFileReference; explicitFileType = wrapper.application; includeInIndex = 0; path = snakebello.app; sourceTree = BUILT_PRODUCTS_DIR; };
		AC693ED5237FD0A400A5AA93 /* AppDelegate.swift */ = {isa = PBXFileReference; lastKnownFileType = sourcecode.swift; path = AppDelegate.swift; sourceTree = "<group>"; };
		AC693ED7237FD0A400A5AA93 /* GameScene.sks */ = {isa = PBXFileReference; lastKnownFileType = file.sks; path = GameScene.sks; sourceTree = "<group>"; };
		AC693EDB237FD0A400A5AA93 /* GameScene.swift */ = {isa = PBXFileReference; lastKnownFileType = sourcecode.swift; path = GameScene.swift; sourceTree = "<group>"; };
		AC693EDD237FD0A400A5AA93 /* GameViewController.swift */ = {isa = PBXFileReference; lastKnownFileType = sourcecode.swift; path = GameViewController.swift; sourceTree = "<group>"; };
		AC693EE0237FD0A400A5AA93 /* Base */ = {isa = PBXFileReference; lastKnownFileType = file.storyboard; name = Base; path = Base.lproj/Main.storyboard; sourceTree = "<group>"; };
		AC693EE2237FD0A500A5AA93 /* Assets.xcassets */ = {isa = PBXFileReference; lastKnownFileType = folder.assetcatalog; path = Assets.xcassets; sourceTree = "<group>"; };
		AC693EE5237FD0A500A5AA93 /* Base */ = {isa = PBXFileReference; lastKnownFileType = file.storyboard; name = Base; path = Base.lproj/LaunchScreen.storyboard; sourceTree = "<group>"; };
		AC693EE7237FD0A500A5AA93 /* Info.plist */ = {isa = PBXFileReference; lastKnownFileType = text.plist.xml; path = Info.plist; sourceTree = "<group>"; };
		AC693EEC237FD0A500A5AA93 /* snakebelloTests.xctest */ = {isa = PBXFileReference; explicitFileType = wrapper.cfbundle; includeInIndex = 0; path = snakebelloTests.xctest; sourceTree = BUILT_PRODUCTS_DIR; };
		AC693EF0237FD0A500A5AA93 /* snakebelloTests.swift */ = {isa = PBXFileReference; lastKnownFileType = sourcecode.swift; path = snakebelloTests.swift; sourceTree = "<group>"; };
		AC693EF2237FD0A500A5AA93 /* Info.plist */ = {isa = PBXFileReference; lastKnownFileType = text.plist.xml; path = Info.plist; sourceTree = "<group>"; };
		AC693EF7237FD0A500A5AA93 /* snakebelloUITests.xctest */ = {isa = PBXFileReference; explicitFileType = wrapper.cfbundle; includeInIndex = 0; path = snakebelloUITests.xctest; sourceTree = BUILT_PRODUCTS_DIR; };
		AC693EFB237FD0A500A5AA93 /* snakebelloUITests.swift */ = {isa = PBXFileReference; lastKnownFileType = sourcecode.swift; path = snakebelloUITests.swift; sourceTree = "<group>"; };
		AC693EFD237FD0A500A5AA93 /* Info.plist */ = {isa = PBXFileReference; lastKnownFileType = text.plist.xml; path = Info.plist; sourceTree = "<group>"; };
		AC693F09237FD0FD00A5AA93 /* GameManager.swift */ = {isa = PBXFileReference; lastKnownFileType = sourcecode.swift; path = GameManager.swift; sourceTree = "<group>"; };
/* End PBXFileReference section */

/* Begin PBXFrameworksBuildPhase section */
		AC693ECF237FD0A400A5AA93 /* Frameworks */ = {
			isa = PBXFrameworksBuildPhase;
			buildActionMask = 2147483647;
			files = (
			);
			runOnlyForDeploymentPostprocessing = 0;
		};
		AC693EE9237FD0A500A5AA93 /* Frameworks */ = {
			isa = PBXFrameworksBuildPhase;
			buildActionMask = 2147483647;
			files = (
			);
			runOnlyForDeploymentPostprocessing = 0;
		};
		AC693EF4237FD0A500A5AA93 /* Frameworks */ = {
			isa = PBXFrameworksBuildPhase;
			buildActionMask = 2147483647;
			files = (
			);
			runOnlyForDeploymentPostprocessing = 0;
		};
/* End PBXFrameworksBuildPhase section */

/* Begin PBXGroup section */
		AC693EC9237FD0A400A5AA93 = {
			isa = PBXGroup;
			children = (
				AC693ED4237FD0A400A5AA93 /* snakebello */,
				AC693EEF237FD0A500A5AA93 /* snakebelloTests */,
				AC693EFA237FD0A500A5AA93 /* snakebelloUITests */,
				AC693ED3237FD0A400A5AA93 /* Products */,
			);
			sourceTree = "<group>";
		};
		AC693ED3237FD0A400A5AA93 /* Products */ = {
			isa = PBXGroup;
			children = (
				AC693ED2237FD0A400A5AA93 /* snakebello.app */,
				AC693EEC237FD0A500A5AA93 /* snakebelloTests.xctest */,
				AC693EF7237FD0A500A5AA93 /* snakebelloUITests.xctest */,
			);
			name = Products;
			sourceTree = "<group>";
		};
		AC693ED4237FD0A400A5AA93 /* snakebello */ = {
			isa = PBXGroup;
			children = (
				AC693F09237FD0FD00A5AA93 /* GameManager.swift */,
				AC693ED5237FD0A400A5AA93 /* AppDelegate.swift */,
				AC693ED7237FD0A400A5AA93 /* GameScene.sks */,
				AC693EDB237FD0A400A5AA93 /* GameScene.swift */,
				AC693EDD237FD0A400A5AA93 /* GameViewController.swift */,
				AC693EDF237FD0A400A5AA93 /* Main.storyboard */,
				AC693EE2237FD0A500A5AA93 /* Assets.xcassets */,
				AC693EE4237FD0A500A5AA93 /* LaunchScreen.storyboard */,
				AC693EE7237FD0A500A5AA93 /* Info.plist */,
			);
			path = snakebello;
			sourceTree = "<group>";
		};
		AC693EEF237FD0A500A5AA93 /* snakebelloTests */ = {
			isa = PBXGroup;
			children = (
				AC693EF0237FD0A500A5AA93 /* snakebelloTests.swift */,
				AC693EF2237FD0A500A5AA93 /* Info.plist */,
			);
			path = snakebelloTests;
			sourceTree = "<group>";
		};
		AC693EFA237FD0A500A5AA93 /* snakebelloUITests */ = {
			isa = PBXGroup;
			children = (
				AC693EFB237FD0A500A5AA93 /* snakebelloUITests.swift */,
				AC693EFD237FD0A500A5AA93 /* Info.plist */,
			);
			path = snakebelloUITests;
			sourceTree = "<group>";
		};
/* End PBXGroup section */

/* Begin PBXNativeTarget section */
		AC693ED1237FD0A400A5AA93 /* snakebello */ = {
			isa = PBXNativeTarget;
			buildConfigurationList = AC693F00237FD0A500A5AA93 /* Build configuration list for PBXNativeTarget "snakebello" */;
			buildPhases = (
				AC693ECE237FD0A400A5AA93 /* Sources */,
				AC693ECF237FD0A400A5AA93 /* Frameworks */,
				AC693ED0237FD0A400A5AA93 /* Resources */,
			);
			buildRules = (
			);
			dependencies = (
			);
			name = snakebello;
			productName = snakebello;
			productReference = AC693ED2237FD0A400A5AA93 /* snakebello.app */;
			productType = "com.apple.product-type.application";
		};
		AC693EEB237FD0A500A5AA93 /* snakebelloTests */ = {
			isa = PBXNativeTarget;
			buildConfigurationList = AC693F03237FD0A500A5AA93 /* Build configuration list for PBXNativeTarget "snakebelloTests" */;
			buildPhases = (
				AC693EE8237FD0A500A5AA93 /* Sources */,
				AC693EE9237FD0A500A5AA93 /* Frameworks */,
				AC693EEA237FD0A500A5AA93 /* Resources */,
			);
			buildRules = (
			);
			dependencies = (
				AC693EEE237FD0A500A5AA93 /* PBXTargetDependency */,
			);
			name = snakebelloTests;
			productName = snakebelloTests;
			productReference = AC693EEC237FD0A500A5AA93 /* snakebelloTests.xctest */;
			productType = "com.apple.product-type.bundle.unit-test";
		};
		AC693EF6237FD0A500A5AA93 /* snakebelloUITests */ = {
			isa = PBXNativeTarget;
			buildConfigurationList = AC693F06237FD0A500A5AA93 /* Build configuration list for PBXNativeTarget "snakebelloUITests" */;
			buildPhases = (
				AC693EF3237FD0A500A5AA93 /* Sources */,
				AC693EF4237FD0A500A5AA93 /* Frameworks */,
				AC693EF5237FD0A500A5AA93 /* Resources */,
			);
			buildRules = (
			);
			dependencies = (
				AC693EF9237FD0A500A5AA93 /* PBXTargetDependency */,
			);
			name = snakebelloUITests;
			productName = snakebelloUITests;
			productReference = AC693EF7237FD0A500A5AA93 /* snakebelloUITests.xctest */;
			productType = "com.apple.product-type.bundle.ui-testing";
		};
/* End PBXNativeTarget section */

/* Begin PBXProject section */
		AC693ECA237FD0A400A5AA93 /* Project object */ = {
			isa = PBXProject;
			attributes = {
				LastSwiftUpdateCheck = 1120;
				LastUpgradeCheck = 1120;
				ORGANIZATIONNAME = "Mario Eduardo García González";
				TargetAttributes = {
					AC693ED1237FD0A400A5AA93 = {
						CreatedOnToolsVersion = 11.2.1;
					};
					AC693EEB237FD0A500A5AA93 = {
						CreatedOnToolsVersion = 11.2.1;
						TestTargetID = AC693ED1237FD0A400A5AA93;
					};
					AC693EF6237FD0A500A5AA93 = {
						CreatedOnToolsVersion = 11.2.1;
						TestTargetID = AC693ED1237FD0A400A5AA93;
					};
				};
			};
			buildConfigurationList = AC693ECD237FD0A400A5AA93 /* Build configuration list for PBXProject "snakebello" */;
			compatibilityVersion = "Xcode 9.3";
			developmentRegion = en;
			hasScannedForEncodings = 0;
			knownRegions = (
				en,
				Base,
			);
			mainGroup = AC693EC9237FD0A400A5AA93;
			productRefGroup = AC693ED3237FD0A400A5AA93 /* Products */;
			projectDirPath = "";
			projectRoot = "";
			targets = (
				AC693ED1237FD0A400A5AA93 /* snakebello */,
				AC693EEB237FD0A500A5AA93 /* snakebelloTests */,
				AC693EF6237FD0A500A5AA93 /* snakebelloUITests */,
			);
		};
/* End PBXProject section */

/* Begin PBXResourcesBuildPhase section */
		AC693ED0237FD0A400A5AA93 /* Resources */ = {
			isa = PBXResourcesBuildPhase;
			buildActionMask = 2147483647;
			files = (
				AC693EE1237FD0A400A5AA93 /* Main.storyboard in Resources */,
				AC693ED8237FD0A400A5AA93 /* GameScene.sks in Resources */,
				AC693EE3237FD0A500A5AA93 /* Assets.xcassets in Resources */,
				AC693EE6237FD0A500A5AA93 /* LaunchScreen.storyboard in Resources */,
			);
			runOnlyForDeploymentPostprocessing = 0;
		};
		AC693EEA237FD0A500A5AA93 /* Resources */ = {
			isa = PBXResourcesBuildPhase;
			buildActionMask = 2147483647;
			files = (
			);
			runOnlyForDeploymentPostprocessing = 0;
		};
		AC693EF5237FD0A500A5AA93 /* Resources */ = {
			isa = PBXResourcesBuildPhase;
			buildActionMask = 2147483647;
			files = (
			);
			runOnlyForDeploymentPostprocessing = 0;
		};
/* End PBXResourcesBuildPhase section */

/* Begin PBXSourcesBuildPhase section */
		AC693ECE237FD0A400A5AA93 /* Sources */ = {
			isa = PBXSourcesBuildPhase;
			buildActionMask = 2147483647;
			files = (
				AC693EDC237FD0A400A5AA93 /* GameScene.swift in Sources */,
				AC693F0A237FD0FD00A5AA93 /* GameManager.swift in Sources */,
				AC693EDE237FD0A400A5AA93 /* GameViewController.swift in Sources */,
				AC693ED6237FD0A400A5AA93 /* AppDelegate.swift in Sources */,
			);
			runOnlyForDeploymentPostprocessing = 0;
		};
		AC693EE8237FD0A500A5AA93 /* Sources */ = {
			isa = PBXSourcesBuildPhase;
			buildActionMask = 2147483647;
			files = (
				AC693EF1237FD0A500A5AA93 /* snakebelloTests.swift in Sources */,
			);
			runOnlyForDeploymentPostprocessing = 0;
		};
		AC693EF3237FD0A500A5AA93 /* Sources */ = {
			isa = PBXSourcesBuildPhase;
			buildActionMask = 2147483647;
			files = (
				AC693EFC237FD0A500A5AA93 /* snakebelloUITests.swift in Sources */,
			);
			runOnlyForDeploymentPostprocessing = 0;
		};
/* End PBXSourcesBuildPhase section */

/* Begin PBXTargetDependency section */
		AC693EEE237FD0A500A5AA93 /* PBXTargetDependency */ = {
			isa = PBXTargetDependency;
			target = AC693ED1237FD0A400A5AA93 /* snakebello */;
			targetProxy = AC693EED237FD0A500A5AA93 /* PBXContainerItemProxy */;
		};
		AC693EF9237FD0A500A5AA93 /* PBXTargetDependency */ = {
			isa = PBXTargetDependency;
			target = AC693ED1237FD0A400A5AA93 /* snakebello */;
			targetProxy = AC693EF8237FD0A500A5AA93 /* PBXContainerItemProxy */;
		};
/* End PBXTargetDependency section */

/* Begin PBXVariantGroup section */
		AC693EDF237FD0A400A5AA93 /* Main.storyboard */ = {
			isa = PBXVariantGroup;
			children = (
				AC693EE0237FD0A400A5AA93 /* Base */,
			);
			name = Main.storyboard;
			sourceTree = "<group>";
		};
		AC693EE4237FD0A500A5AA93 /* LaunchScreen.storyboard */ = {
			isa = PBXVariantGroup;
			children = (
				AC693EE5237FD0A500A5AA93 /* Base */,
			);
			name = LaunchScreen.storyboard;
			sourceTree = "<group>";
		};
/* End PBXVariantGroup section */

/* Begin XCBuildConfiguration section */
		AC693EFE237FD0A500A5AA93 /* Debug */ = {
			isa = XCBuildConfiguration;
			buildSettings = {
				ALWAYS_SEARCH_USER_PATHS = NO;
				CLANG_ANALYZER_NONNULL = YES;
				CLANG_ANALYZER_NUMBER_OBJECT_CONVERSION = YES_AGGRESSIVE;
				CLANG_CXX_LANGUAGE_STANDARD = "gnu++14";
				CLANG_CXX_LIBRARY = "libc++";
				CLANG_ENABLE_MODULES = YES;
				CLANG_ENABLE_OBJC_ARC = YES;
				CLANG_ENABLE_OBJC_WEAK = YES;
				CLANG_WARN_BLOCK_CAPTURE_AUTORELEASING = YES;
				CLANG_WARN_BOOL_CONVERSION = YES;
				CLANG_WARN_COMMA = YES;
				CLANG_WARN_CONSTANT_CONVERSION = YES;
				CLANG_WARN_DEPRECATED_OBJC_IMPLEMENTATIONS = YES;
				CLANG_WARN_DIRECT_OBJC_ISA_USAGE = YES_ERROR;
				CLANG_WARN_DOCUMENTATION_COMMENTS = YES;
				CLANG_WARN_EMPTY_BODY = YES;
				CLANG_WARN_ENUM_CONVERSION = YES;
				CLANG_WARN_INFINITE_RECURSION = YES;
				CLANG_WARN_INT_CONVERSION = YES;
				CLANG_WARN_NON_LITERAL_NULL_CONVERSION = YES;
				CLANG_WARN_OBJC_IMPLICIT_RETAIN_SELF = YES;
				CLANG_WARN_OBJC_LITERAL_CONVERSION = YES;
				CLANG_WARN_OBJC_ROOT_CLASS = YES_ERROR;
				CLANG_WARN_RANGE_LOOP_ANALYSIS = YES;
				CLANG_WARN_STRICT_PROTOTYPES = YES;
				CLANG_WARN_SUSPICIOUS_MOVE = YES;
				CLANG_WARN_UNGUARDED_AVAILABILITY = YES_AGGRESSIVE;
				CLANG_WARN_UNREACHABLE_CODE = YES;
				CLANG_WARN__DUPLICATE_METHOD_MATCH = YES;
				COPY_PHASE_STRIP = NO;
				DEBUG_INFORMATION_FORMAT = dwarf;
				ENABLE_STRICT_OBJC_MSGSEND = YES;
				ENABLE_TESTABILITY = YES;
				GCC_C_LANGUAGE_STANDARD = gnu11;
				GCC_DYNAMIC_NO_PIC = NO;
				GCC_NO_COMMON_BLOCKS = YES;
				GCC_OPTIMIZATION_LEVEL = 0;
				GCC_PREPROCESSOR_DEFINITIONS = (
					"DEBUG=1",
					"$(inherited)",
				);
				GCC_WARN_64_TO_32_BIT_CONVERSION = YES;
				GCC_WARN_ABOUT_RETURN_TYPE = YES_ERROR;
				GCC_WARN_UNDECLARED_SELECTOR = YES;
				GCC_WARN_UNINITIALIZED_AUTOS = YES_AGGRESSIVE;
				GCC_WARN_UNUSED_FUNCTION = YES;
				GCC_WARN_UNUSED_VARIABLE = YES;
				IPHONEOS_DEPLOYMENT_TARGET = 13.2;
				MTL_ENABLE_DEBUG_INFO = INCLUDE_SOURCE;
				MTL_FAST_MATH = YES;
				ONLY_ACTIVE_ARCH = YES;
				SDKROOT = iphoneos;
				SWIFT_ACTIVE_COMPILATION_CONDITIONS = DEBUG;
				SWIFT_OPTIMIZATION_LEVEL = "-Onone";
			};
			name = Debug;
		};
		AC693EFF237FD0A500A5AA93 /* Release */ = {
			isa = XCBuildConfiguration;
			buildSettings = {
				ALWAYS_SEARCH_USER_PATHS = NO;
				CLANG_ANALYZER_NONNULL = YES;
				CLANG_ANALYZER_NUMBER_OBJECT_CONVERSION = YES_AGGRESSIVE;
				CLANG_CXX_LANGUAGE_STANDARD = "gnu++14";
				CLANG_CXX_LIBRARY = "libc++";
				CLANG_ENABLE_MODULES = YES;
				CLANG_ENABLE_OBJC_ARC = YES;
				CLANG_ENABLE_OBJC_WEAK = YES;
				CLANG_WARN_BLOCK_CAPTURE_AUTORELEASING = YES;
				CLANG_WARN_BOOL_CONVERSION = YES;
				CLANG_WARN_COMMA = YES;
				CLANG_WARN_CONSTANT_CONVERSION = YES;
				CLANG_WARN_DEPRECATED_OBJC_IMPLEMENTATIONS = YES;
				CLANG_WARN_DIRECT_OBJC_ISA_USAGE = YES_ERROR;
				CLANG_WARN_DOCUMENTATION_COMMENTS = YES;
				CLANG_WARN_EMPTY_BODY = YES;
				CLANG_WARN_ENUM_CONVERSION = YES;
				CLANG_WARN_INFINITE_RECURSION = YES;
				CLANG_WARN_INT_CONVERSION = YES;
				CLANG_WARN_NON_LITERAL_NULL_CONVERSION = YES;
				CLANG_WARN_OBJC_IMPLICIT_RETAIN_SELF = YES;
				CLANG_WARN_OBJC_LITERAL_CONVERSION = YES;
				CLANG_WARN_OBJC_ROOT_CLASS = YES_ERROR;
				CLANG_WARN_RANGE_LOOP_ANALYSIS = YES;
				CLANG_WARN_STRICT_PROTOTYPES = YES;
				CLANG_WARN_SUSPICIOUS_MOVE = YES;
				CLANG_WARN_UNGUARDED_AVAILABILITY = YES_AGGRESSIVE;
				CLANG_WARN_UNREACHABLE_CODE = YES;
				CLANG_WARN__DUPLICATE_METHOD_MATCH = YES;
				COPY_PHASE_STRIP = NO;
				DEBUG_INFORMATION_FORMAT = "dwarf-with-dsym";
				ENABLE_NS_ASSERTIONS = NO;
				ENABLE_STRICT_OBJC_MSGSEND = YES;
				GCC_C_LANGUAGE_STANDARD = gnu11;
				GCC_NO_COMMON_BLOCKS = YES;
				GCC_WARN_64_TO_32_BIT_CONVERSION = YES;
				GCC_WARN_ABOUT_RETURN_TYPE = YES_ERROR;
				GCC_WARN_UNDECLARED_SELECTOR = YES;
				GCC_WARN_UNINITIALIZED_AUTOS = YES_AGGRESSIVE;
				GCC_WARN_UNUSED_FUNCTION = YES;
				GCC_WARN_UNUSED_VARIABLE = YES;
				IPHONEOS_DEPLOYMENT_TARGET = 13.2;
				MTL_ENABLE_DEBUG_INFO = NO;
				MTL_FAST_MATH = YES;
				SDKROOT = iphoneos;
				SWIFT_COMPILATION_MODE = wholemodule;
				SWIFT_OPTIMIZATION_LEVEL = "-O";
				VALIDATE_PRODUCT = YES;
			};
			name = Release;
		};
		AC693F01237FD0A500A5AA93 /* Debug */ = {
			isa = XCBuildConfiguration;
			buildSettings = {
				ASSETCATALOG_COMPILER_APPICON_NAME = AppIcon;
				CODE_SIGN_STYLE = Automatic;
				DEVELOPMENT_TEAM = M8P5F26735;
				INFOPLIST_FILE = snakebello/Info.plist;
				IPHONEOS_DEPLOYMENT_TARGET = 14.5;
				LD_RUNPATH_SEARCH_PATHS = (
					"$(inherited)",
					"@executable_path/Frameworks",
				);
				PRODUCT_BUNDLE_IDENTIFIER = mario.snakebello;
				PRODUCT_NAME = "$(TARGET_NAME)";
				SWIFT_VERSION = 5.0;
				TARGETED_DEVICE_FAMILY = "1,2";
			};
			name = Debug;
		};
		AC693F02237FD0A500A5AA93 /* Release */ = {
			isa = XCBuildConfiguration;
			buildSettings = {
				ASSETCATALOG_COMPILER_APPICON_NAME = AppIcon;
				CODE_SIGN_STYLE = Automatic;
				DEVELOPMENT_TEAM = M8P5F26735;
				INFOPLIST_FILE = snakebello/Info.plist;
				IPHONEOS_DEPLOYMENT_TARGET = 14.5;
				LD_RUNPATH_SEARCH_PATHS = (
					"$(inherited)",
					"@executable_path/Frameworks",
				);
				PRODUCT_BUNDLE_IDENTIFIER = mario.snakebello;
				PRODUCT_NAME = "$(TARGET_NAME)";
				SWIFT_VERSION = 5.0;
				TARGETED_DEVICE_FAMILY = "1,2";
			};
			name = Release;
		};
		AC693F04237FD0A500A5AA93 /* Debug */ = {
			isa = XCBuildConfiguration;
			buildSettings = {
				ALWAYS_EMBED_SWIFT_STANDARD_LIBRARIES = YES;
				BUNDLE_LOADER = "$(TEST_HOST)";
				CODE_SIGN_STYLE = Automatic;
				DEVELOPMENT_TEAM = M8P5F26735;
				INFOPLIST_FILE = snakebelloTests/Info.plist;
				IPHONEOS_DEPLOYMENT_TARGET = 13.2;
				LD_RUNPATH_SEARCH_PATHS = (
					"$(inherited)",
					"@executable_path/Frameworks",
					"@loader_path/Frameworks",
				);
				PRODUCT_BUNDLE_IDENTIFIER = mario.snakebelloTests;
				PRODUCT_NAME = "$(TARGET_NAME)";
				SWIFT_VERSION = 5.0;
				TARGETED_DEVICE_FAMILY = "1,2";
				TEST_HOST = "$(BUILT_PRODUCTS_DIR)/snakebello.app/snakebello";
			};
			name = Debug;
		};
		AC693F05237FD0A500A5AA93 /* Release */ = {
			isa = XCBuildConfiguration;
			buildSettings = {
				ALWAYS_EMBED_SWIFT_STANDARD_LIBRARIES = YES;
				BUNDLE_LOADER = "$(TEST_HOST)";
				CODE_SIGN_STYLE = Automatic;
				DEVELOPMENT_TEAM = M8P5F26735;
				INFOPLIST_FILE = snakebelloTests/Info.plist;
				IPHONEOS_DEPLOYMENT_TARGET = 13.2;
				LD_RUNPATH_SEARCH_PATHS = (
					"$(inherited)",
					"@executable_path/Frameworks",
					"@loader_path/Frameworks",
				);
				PRODUCT_BUNDLE_IDENTIFIER = mario.snakebelloTests;
				PRODUCT_NAME = "$(TARGET_NAME)";
				SWIFT_VERSION = 5.0;
				TARGETED_DEVICE_FAMILY = "1,2";
				TEST_HOST = "$(BUILT_PRODUCTS_DIR)/snakebello.app/snakebello";
			};
			name = Release;
		};
		AC693F07237FD0A500A5AA93 /* Debug */ = {
			isa = XCBuildConfiguration;
			buildSettings = {
				ALWAYS_EMBED_SWIFT_STANDARD_LIBRARIES = YES;
				CODE_SIGN_STYLE = Automatic;
				DEVELOPMENT_TEAM = M8P5F26735;
				INFOPLIST_FILE = snakebelloUITests/Info.plist;
				LD_RUNPATH_SEARCH_PATHS = (
					"$(inherited)",
					"@executable_path/Frameworks",
					"@loader_path/Frameworks",
				);
				PRODUCT_BUNDLE_IDENTIFIER = mario.snakebelloUITests;
				PRODUCT_NAME = "$(TARGET_NAME)";
				SWIFT_VERSION = 5.0;
				TARGETED_DEVICE_FAMILY = "1,2";
				TEST_TARGET_NAME = snakebello;
			};
			name = Debug;
		};
		AC693F08237FD0A500A5AA93 /* Release */ = {
			isa = XCBuildConfiguration;
			buildSettings = {
				ALWAYS_EMBED_SWIFT_STANDARD_LIBRARIES = YES;
				CODE_SIGN_STYLE = Automatic;
				DEVELOPMENT_TEAM = M8P5F26735;
				INFOPLIST_FILE = snakebelloUITests/Info.plist;
				LD_RUNPATH_SEARCH_PATHS = (
					"$(inherited)",
					"@executable_path/Frameworks",
					"@loader_path/Frameworks",
				);
				PRODUCT_BUNDLE_IDENTIFIER = mario.snakebelloUITests;
				PRODUCT_NAME = "$(TARGET_NAME)";
				SWIFT_VERSION = 5.0;
				TARGETED_DEVICE_FAMILY = "1,2";
				TEST_TARGET_NAME = snakebello;
			};
			name = Release;
		};
/* End XCBuildConfiguration section */

/* Begin XCConfigurationList section */
		AC693ECD237FD0A400A5AA93 /* Build configuration list for PBXProject "snakebello" */ = {
			isa = XCConfigurationList;
			buildConfigurations = (
				AC693EFE237FD0A500A5AA93 /* Debug */,
				AC693EFF237FD0A500A5AA93 /* Release */,
			);
			defaultConfigurationIsVisible = 0;
			defaultConfigurationName = Release;
		};
		AC693F00237FD0A500A5AA93 /* Build configuration list for PBXNativeTarget "snakebello" */ = {
			isa = XCConfigurationList;
			buildConfigurations = (
				AC693F01237FD0A500A5AA93 /* Debug */,
				AC693F02237FD0A500A5AA93 /* Release */,
			);
			defaultConfigurationIsVisible = 0;
			defaultConfigurationName = Release;
		};
		AC693F03237FD0A500A5AA93 /* Build configuration list for PBXNativeTarget "snakebelloTests" */ = {
			isa = XCConfigurationList;
			buildConfigurations = (
				AC693F04237FD0A500A5AA93 /* Debug */,
				AC693F05237FD0A500A5AA93 /* Release */,
			);
			defaultConfigurationIsVisible = 0;
			defaultConfigurationName = Release;
		};
		AC693F06237FD0A500A5AA93 /* Build configuration list for PBXNativeTarget "snakebelloUITests" */ = {
			isa = XCConfigurationList;
			buildConfigurations = (
				AC693F07237FD0A500A5AA93 /* Debug */,
				AC693F08237FD0A500A5AA93 /* Release */,
			);
			defaultConfigurationIsVisible = 0;
			defaultConfigurationName = Release;
		};
/* End XCConfigurationList section */
	};
	rootObject = AC693ECA237FD0A400A5AA93 /* Project object */;
}
